
Microsoft Visual Studio Solution File, Format Version 12.00
# Visual Studio Version 17
VisualStudioVersion = 17.4.33122.133
MinimumVisualStudioVersion = 10.0.40219.1
Project("{8BC9CEB8-8B4A-11D0-8D11-00A0C91BC942}") = "BaoYi-fake-nvda", "BaoYi-fake-nvda.vcxproj", "{0B6A9A8D-4E40-4B85-9312-6BB5BEEBEC52}"
EndProject
Project("{8BC9CEB8-8B4A-11D0-8D11-00A0C91BC942}") = "BoyCtrlTest", "BoyCtrlTest\BoyCtrlTest.vcxproj", "{D82FE6CA-E957-4D50-BFCB-2B38C2FCEB0F}"
EndProject
Global
	GlobalSection(SolutionConfigurationPlatforms) = preSolution
		Debug|x64 = Debug|x64
		Debug|x86 = Debug|x86
		Release|x64 = Release|x64
		Release|x86 = Release|x86
	EndGlobalSection
	GlobalSection(ProjectConfigurationPlatforms) = postSolution
		{0B6A9A8D-4E40-4B85-9312-6BB5BEEBEC52}.Debug|x64.ActiveCfg = Debug|x64
		{0B6A9A8D-4E40-4B85-9312-6BB5BEEBEC52}.Debug|x64.Build.0 = Debug|x64
		{0B6A9A8D-4E40-4B85-9312-6BB5BEEBEC52}.Debug|x86.ActiveCfg = Debug|Win32
		{0B6A9A8D-4E40-4B85-9312-6BB5BEEBEC52}.Debug|x86.Build.0 = Debug|Win32
		{0B6A9A8D-4E40-4B85-9312-6BB5BEEBEC52}.Release|x64.ActiveCfg = Release|x64
		{0B6A9A8D-4E40-4B85-9312-6BB5BEEBEC52}.Release|x64.Build.0 = Release|x64
		{0B6A9A8D-4E40-4B85-9312-6BB5BEEBEC52}.Release|x86.ActiveCfg = Release|Win32
		{0B6A9A8D-4E40-4B85-9312-6BB5BEEBEC52}.Release|x86.Build.0 = Release|Win32
		{D82FE6CA-E957-4D50-BFCB-2B38C2FCEB0F}.Debug|x64.ActiveCfg = Debug|x64
		{D82FE6CA-E957-4D50-BFCB-2B38C2FCEB0F}.Debug|x64.Build.0 = Debug|x64
		{D82FE6CA-E957-4D50-BFCB-2B38C2FCEB0F}.Debug|x86.ActiveCfg = Debug|Win32
		{D82FE6CA-E957-4D50-BFCB-2B38C2FCEB0F}.Debug|x86.Build.0 = Debug|Win32
		{D82FE6CA-E957-4D50-BFCB-2B38C2FCEB0F}.Release|x64.ActiveCfg = Release|x64
		{D82FE6CA-E957-4D50-BFCB-2B38C2FCEB0F}.Release|x64.Build.0 = Release|x64
		{D82FE6CA-E957-4D50-BFCB-2B38C2FCEB0F}.Release|x86.ActiveCfg = Release|Win32
		{D82FE6CA-E957-4D50-BFCB-2B38C2FCEB0F}.Release|x86.Build.0 = Release|Win32
	EndGlobalSection
	GlobalSection(SolutionProperties) = preSolution
		HideSolutionNode = FALSE
	EndGlobalSection
	GlobalSection(ExtensibilityGlobals) = postSolution
		SolutionGuid = {B0D4498F-9D1E-494F-85CF-9915930481C4}
	EndGlobalSection
EndGlobal
